
Microsoft Visual Studio Solution File, Format Version 12.00
# Visual Studio Version 17
VisualStudioVersion = 17.8.34511.84
MinimumVisualStudioVersion = 10.0.40219.1
Project("{FAE04EC0-301F-11D3-BF4B-00C04F79EFBC}") = "WindowsCleanService", "WindowsCleanService\WindowsCleanService.csproj", "{AD33ED82-9297-4071-9E04-83DC62B60739}"
EndProject
Global
	GlobalSection(SolutionConfigurationPlatforms) = preSolution
		Debug|Any CPU = Debug|Any CPU
		Release|Any CPU = Release|Any CPU
	EndGlobalSection
	GlobalSection(ProjectConfigurationPlatforms) = postSolution
		{AD33ED82-9297-4071-9E04-83DC62B60739}.Debug|Any CPU.ActiveCfg = Debug|Any CPU
		{AD33ED82-9297-4071-9E04-83DC62B60739}.Debug|Any CPU.Build.0 = Debug|Any CPU
		{AD33ED82-9297-4071-9E04-83DC62B60739}.Release|Any CPU.ActiveCfg = Release|Any CPU
		{AD33ED82-9297-4071-9E04-83DC62B60739}.Release|Any CPU.Build.0 = Release|Any CPU
	EndGlobalSection
	GlobalSection(SolutionProperties) = preSolution
		HideSolutionNode = FALSE
	EndGlobalSection
	GlobalSection(ExtensibilityGlobals) = postSolution
		SolutionGuid = {C8AD8B54-4592-4792-991A-E91798C1D043}
	EndGlobalSection
EndGlobal
